
Microsoft Visual Studio Solution File, Format Version 12.00
# Visual Studio Version 16
VisualStudioVersion = 16.0.31129.286
MinimumVisualStudioVersion = 10.0.40219.1
Project("{FAE04EC0-301F-11D3-BF4B-00C04F79EFBC}") = "BridgeMonitor", "BridgeMonitor\BridgeMonitor.csproj", "{C7BA1623-D3B4-4777-A204-D749A5C492DE}"
EndProject
Global
	GlobalSection(SolutionConfigurationPlatforms) = preSolution
		Debug|Any CPU = Debug|Any CPU
		Release|Any CPU = Release|Any CPU
	EndGlobalSection
	GlobalSection(ProjectConfigurationPlatforms) = postSolution
		{C7BA1623-D3B4-4777-A204-D749A5C492DE}.Debug|Any CPU.ActiveCfg = Debug|Any CPU
		{C7BA1623-D3B4-4777-A204-D749A5C492DE}.Debug|Any CPU.Build.0 = Debug|Any CPU
		{C7BA1623-D3B4-4777-A204-D749A5C492DE}.Release|Any CPU.ActiveCfg = Release|Any CPU
		{C7BA1623-D3B4-4777-A204-D749A5C492DE}.Release|Any CPU.Build.0 = Release|Any CPU
	EndGlobalSection
	GlobalSection(SolutionProperties) = preSolution
		HideSolutionNode = FALSE
	EndGlobalSection
	GlobalSection(ExtensibilityGlobals) = postSolution
		SolutionGuid = {5CB84F33-2B9D-4C18-8953-8AB09E20DDFF}
	EndGlobalSection
EndGlobal
